
Microsoft Visual Studio Solution File, Format Version 12.00
# Visual Studio 15
VisualStudioVersion = 15.0.27428.1
MinimumVisualStudioVersion = 10.0.40219.1
Project("{FAE04EC0-301F-11D3-BF4B-00C04F79EFBC}") = "JustTypes", "JustTypes\JustTypes.csproj", "{641AF551-B6DC-4C61-8860-A62E077D028C}"
EndProject
Global
	GlobalSection(SolutionConfigurationPlatforms) = preSolution
		Debug|Any CPU = Debug|Any CPU
		Release|Any CPU = Release|Any CPU
	EndGlobalSection
	GlobalSection(ProjectConfigurationPlatforms) = postSolution
		{641AF551-B6DC-4C61-8860-A62E077D028C}.Debug|Any CPU.ActiveCfg = Debug|Any CPU
		{641AF551-B6DC-4C61-8860-A62E077D028C}.Debug|Any CPU.Build.0 = Debug|Any CPU
		{641AF551-B6DC-4C61-8860-A62E077D028C}.Release|Any CPU.ActiveCfg = Release|Any CPU
		{641AF551-B6DC-4C61-8860-A62E077D028C}.Release|Any CPU.Build.0 = Release|Any CPU
	EndGlobalSection
	GlobalSection(SolutionProperties) = preSolution
		HideSolutionNode = FALSE
	EndGlobalSection
	GlobalSection(ExtensibilityGlobals) = postSolution
		SolutionGuid = {91FB6A79-E175-49DE-A70F-FE236B439B82}
	EndGlobalSection
EndGlobal
